{
  "name": "client",
  "lockfileVersion": 3,
  "requires": true,
  "packages": {
    "": {
      "dependencies": {
        "heroku-deploy": "file:.."
      }
    },
    "..": {
      "name": "heroku-deploy",
      "engines": {
        "node": "20.10.0"
      }
    },
    "node_modules/heroku-deploy": {
      "resolved": "..",
      "link": true
    }
  }
}
